
Microsoft Visual Studio Solution File, Format Version 12.00
# Visual Studio Version 17
VisualStudioVersion = 17.10.35013.160
MinimumVisualStudioVersion = 10.0.40219.1
Project("{9A19103F-16F7-4668-BE54-9A1E7A4F7556}") = "Poems", "Poems\Poems.csproj", "{D7141595-7F5E-4ECF-AF02-CD4C89FBED3D}"
EndProject
Project("{FAE04EC0-301F-11D3-BF4B-00C04F79EFBC}") = "Musics", "Musics\Musics.csproj", "{8309F027-00DE-4575-B153-645987EB1636}"
EndProject
Global
	GlobalSection(SolutionConfigurationPlatforms) = preSolution
		Debug|Any CPU = Debug|Any CPU
		Release|Any CPU = Release|Any CPU
	EndGlobalSection
	GlobalSection(ProjectConfigurationPlatforms) = postSolution
		{D7141595-7F5E-4ECF-AF02-CD4C89FBED3D}.Debug|Any CPU.ActiveCfg = Debug|Any CPU
		{D7141595-7F5E-4ECF-AF02-CD4C89FBED3D}.Debug|Any CPU.Build.0 = Debug|Any CPU
		{D7141595-7F5E-4ECF-AF02-CD4C89FBED3D}.Release|Any CPU.ActiveCfg = Release|Any CPU
		{D7141595-7F5E-4ECF-AF02-CD4C89FBED3D}.Release|Any CPU.Build.0 = Release|Any CPU
		{8309F027-00DE-4575-B153-645987EB1636}.Debug|Any CPU.ActiveCfg = Debug|Any CPU
		{8309F027-00DE-4575-B153-645987EB1636}.Debug|Any CPU.Build.0 = Debug|Any CPU
		{8309F027-00DE-4575-B153-645987EB1636}.Release|Any CPU.ActiveCfg = Release|Any CPU
		{8309F027-00DE-4575-B153-645987EB1636}.Release|Any CPU.Build.0 = Release|Any CPU
	EndGlobalSection
	GlobalSection(SolutionProperties) = preSolution
		HideSolutionNode = FALSE
	EndGlobalSection
	GlobalSection(ExtensibilityGlobals) = postSolution
		SolutionGuid = {7CD18AE2-A254-4299-9830-4688C4934F28}
	EndGlobalSection
EndGlobal
