
Microsoft Visual Studio Solution File, Format Version 12.00
# Visual Studio Version 17
VisualStudioVersion = 17.10.35004.147
MinimumVisualStudioVersion = 10.0.40219.1
Project("{FAE04EC0-301F-11D3-BF4B-00C04F79EFBC}") = "MilkTeaManager", "MilkTeaManager\MilkTeaManager.csproj", "{89E54FD2-9012-4577-91DC-A385951B7C38}"
EndProject
Project("{FAE04EC0-301F-11D3-BF4B-00C04F79EFBC}") = "MilkTeaManagerDAL", "MilkTeaManagerDAL\MilkTeaManagerDAL.csproj", "{CA87E264-4C10-483E-BF15-600CFC3BE2A1}"
EndProject
Project("{FAE04EC0-301F-11D3-BF4B-00C04F79EFBC}") = "MilkTeaManagerBLL", "MilkTeaManagerBLL\MilkTeaManagerBLL.csproj", "{4E6D7407-2CEF-4CE7-B7B9-3140D7BA619C}"
EndProject
Global
	GlobalSection(SolutionConfigurationPlatforms) = preSolution
		Debug|Any CPU = Debug|Any CPU
		Release|Any CPU = Release|Any CPU
	EndGlobalSection
	GlobalSection(ProjectConfigurationPlatforms) = postSolution
		{89E54FD2-9012-4577-91DC-A385951B7C38}.Debug|Any CPU.ActiveCfg = Debug|Any CPU
		{89E54FD2-9012-4577-91DC-A385951B7C38}.Debug|Any CPU.Build.0 = Debug|Any CPU
		{89E54FD2-9012-4577-91DC-A385951B7C38}.Release|Any CPU.ActiveCfg = Release|Any CPU
		{89E54FD2-9012-4577-91DC-A385951B7C38}.Release|Any CPU.Build.0 = Release|Any CPU
		{CA87E264-4C10-483E-BF15-600CFC3BE2A1}.Debug|Any CPU.ActiveCfg = Debug|Any CPU
		{CA87E264-4C10-483E-BF15-600CFC3BE2A1}.Debug|Any CPU.Build.0 = Debug|Any CPU
		{CA87E264-4C10-483E-BF15-600CFC3BE2A1}.Release|Any CPU.ActiveCfg = Release|Any CPU
		{CA87E264-4C10-483E-BF15-600CFC3BE2A1}.Release|Any CPU.Build.0 = Release|Any CPU
		{4E6D7407-2CEF-4CE7-B7B9-3140D7BA619C}.Debug|Any CPU.ActiveCfg = Debug|Any CPU
		{4E6D7407-2CEF-4CE7-B7B9-3140D7BA619C}.Debug|Any CPU.Build.0 = Debug|Any CPU
		{4E6D7407-2CEF-4CE7-B7B9-3140D7BA619C}.Release|Any CPU.ActiveCfg = Release|Any CPU
		{4E6D7407-2CEF-4CE7-B7B9-3140D7BA619C}.Release|Any CPU.Build.0 = Release|Any CPU
	EndGlobalSection
	GlobalSection(SolutionProperties) = preSolution
		HideSolutionNode = FALSE
	EndGlobalSection
	GlobalSection(ExtensibilityGlobals) = postSolution
		SolutionGuid = {34BCBF01-D776-4EE1-AD60-88371E98CA3C}
	EndGlobalSection
EndGlobal
